
Microsoft Visual Studio Solution File, Format Version 12.00
# Visual Studio Version 16
VisualStudioVersion = 16.0.31424.327
MinimumVisualStudioVersion = 10.0.40219.1
Project("{FAE04EC0-301F-11D3-BF4B-00C04F79EFBC}") = "WebApiService", "WebApiService\WebApiService.csproj", "{1ACB219B-40CE-404A-AB00-06CC73A3A7EB}"
EndProject
Project("{FAE04EC0-301F-11D3-BF4B-00C04F79EFBC}") = "company.Desktop.Client", "company.Desktop.Client\company.Desktop.Client.csproj", "{5246671A-E041-42BB-81D7-79242304A7B3}"
EndProject
Project("{FAE04EC0-301F-11D3-BF4B-00C04F79EFBC}") = "WebApiMVC", "WebApiMVC\WebApiMVC.csproj", "{0007079B-3DB7-4706-BC90-8642C2D3ECDA}"
EndProject
Global
	GlobalSection(SolutionConfigurationPlatforms) = preSolution
		Debug|Any CPU = Debug|Any CPU
		Release|Any CPU = Release|Any CPU
	EndGlobalSection
	GlobalSection(ProjectConfigurationPlatforms) = postSolution
		{1ACB219B-40CE-404A-AB00-06CC73A3A7EB}.Debug|Any CPU.ActiveCfg = Debug|Any CPU
		{1ACB219B-40CE-404A-AB00-06CC73A3A7EB}.Debug|Any CPU.Build.0 = Debug|Any CPU
		{1ACB219B-40CE-404A-AB00-06CC73A3A7EB}.Release|Any CPU.ActiveCfg = Release|Any CPU
		{1ACB219B-40CE-404A-AB00-06CC73A3A7EB}.Release|Any CPU.Build.0 = Release|Any CPU
		{5246671A-E041-42BB-81D7-79242304A7B3}.Debug|Any CPU.ActiveCfg = Debug|Any CPU
		{5246671A-E041-42BB-81D7-79242304A7B3}.Debug|Any CPU.Build.0 = Debug|Any CPU
		{5246671A-E041-42BB-81D7-79242304A7B3}.Release|Any CPU.ActiveCfg = Release|Any CPU
		{5246671A-E041-42BB-81D7-79242304A7B3}.Release|Any CPU.Build.0 = Release|Any CPU
		{0007079B-3DB7-4706-BC90-8642C2D3ECDA}.Debug|Any CPU.ActiveCfg = Debug|Any CPU
		{0007079B-3DB7-4706-BC90-8642C2D3ECDA}.Debug|Any CPU.Build.0 = Debug|Any CPU
		{0007079B-3DB7-4706-BC90-8642C2D3ECDA}.Release|Any CPU.ActiveCfg = Release|Any CPU
		{0007079B-3DB7-4706-BC90-8642C2D3ECDA}.Release|Any CPU.Build.0 = Release|Any CPU
	EndGlobalSection
	GlobalSection(SolutionProperties) = preSolution
		HideSolutionNode = FALSE
	EndGlobalSection
	GlobalSection(ExtensibilityGlobals) = postSolution
		SolutionGuid = {57DD1C42-F328-4802-B6ED-1F175A24FAB5}
	EndGlobalSection
EndGlobal
